
Microsoft Visual Studio Solution File, Format Version 12.00
# Visual Studio Version 16
VisualStudioVersion = 16.0.32126.315
MinimumVisualStudioVersion = 10.0.40219.1
Project("{FAE04EC0-301F-11D3-BF4B-00C04F79EFBC}") = "ASP.HelloWorld", "WebApplication1\ASP.HelloWorld.csproj", "{C00EE695-E7C2-4A95-914A-7544D6F7C7C4}"
EndProject
Global
	GlobalSection(SolutionConfigurationPlatforms) = preSolution
		Debug|Any CPU = Debug|Any CPU
		Release|Any CPU = Release|Any CPU
	EndGlobalSection
	GlobalSection(ProjectConfigurationPlatforms) = postSolution
		{C00EE695-E7C2-4A95-914A-7544D6F7C7C4}.Debug|Any CPU.ActiveCfg = Debug|Any CPU
		{C00EE695-E7C2-4A95-914A-7544D6F7C7C4}.Debug|Any CPU.Build.0 = Debug|Any CPU
		{C00EE695-E7C2-4A95-914A-7544D6F7C7C4}.Release|Any CPU.ActiveCfg = Release|Any CPU
		{C00EE695-E7C2-4A95-914A-7544D6F7C7C4}.Release|Any CPU.Build.0 = Release|Any CPU
	EndGlobalSection
	GlobalSection(SolutionProperties) = preSolution
		HideSolutionNode = FALSE
	EndGlobalSection
	GlobalSection(ExtensibilityGlobals) = postSolution
		SolutionGuid = {5479C0E3-7775-48A4-9D2C-9CFAA22C1227}
	EndGlobalSection
EndGlobal
